
Microsoft Visual Studio Solution File, Format Version 12.00
# Visual Studio Version 17
VisualStudioVersion = 17.6.33723.286
MinimumVisualStudioVersion = 10.0.40219.1
Project("{FAE04EC0-301F-11D3-BF4B-00C04F79EFBC}") = "lab-1-bai-tap-2", "lab-1-bai-tap-2\lab-1-bai-tap-2.csproj", "{216CF471-5FC7-4E75-BE31-0F45A782D1D3}"
EndProject
Global
	GlobalSection(SolutionConfigurationPlatforms) = preSolution
		Debug|Any CPU = Debug|Any CPU
		Release|Any CPU = Release|Any CPU
	EndGlobalSection
	GlobalSection(ProjectConfigurationPlatforms) = postSolution
		{216CF471-5FC7-4E75-BE31-0F45A782D1D3}.Debug|Any CPU.ActiveCfg = Debug|Any CPU
		{216CF471-5FC7-4E75-BE31-0F45A782D1D3}.Debug|Any CPU.Build.0 = Debug|Any CPU
		{216CF471-5FC7-4E75-BE31-0F45A782D1D3}.Release|Any CPU.ActiveCfg = Release|Any CPU
		{216CF471-5FC7-4E75-BE31-0F45A782D1D3}.Release|Any CPU.Build.0 = Release|Any CPU
	EndGlobalSection
	GlobalSection(SolutionProperties) = preSolution
		HideSolutionNode = FALSE
	EndGlobalSection
	GlobalSection(ExtensibilityGlobals) = postSolution
		SolutionGuid = {7BE80A5B-7DA5-4651-BABE-344E811AA6AA}
	EndGlobalSection
EndGlobal
