
Microsoft Visual Studio Solution File, Format Version 12.00
# Visual Studio 15
VisualStudioVersion = 15.0.33801.198
MinimumVisualStudioVersion = 10.0.40219.1
Project("{FAE04EC0-301F-11D3-BF4B-00C04F79EFBC}") = "Lab-4", "Lab-4\Lab-4.csproj", "{03475A9F-B5A1-49B5-878E-E74857A5A405}"
EndProject
Global
	GlobalSection(SolutionConfigurationPlatforms) = preSolution
		Debug|Any CPU = Debug|Any CPU
		Release|Any CPU = Release|Any CPU
	EndGlobalSection
	GlobalSection(ProjectConfigurationPlatforms) = postSolution
		{03475A9F-B5A1-49B5-878E-E74857A5A405}.Debug|Any CPU.ActiveCfg = Debug|Any CPU
		{03475A9F-B5A1-49B5-878E-E74857A5A405}.Debug|Any CPU.Build.0 = Debug|Any CPU
		{03475A9F-B5A1-49B5-878E-E74857A5A405}.Release|Any CPU.ActiveCfg = Release|Any CPU
		{03475A9F-B5A1-49B5-878E-E74857A5A405}.Release|Any CPU.Build.0 = Release|Any CPU
	EndGlobalSection
	GlobalSection(SolutionProperties) = preSolution
		HideSolutionNode = FALSE
	EndGlobalSection
	GlobalSection(ExtensibilityGlobals) = postSolution
		SolutionGuid = {0351BD1B-9720-4482-975A-11BDBF059D40}
	EndGlobalSection
EndGlobal
